// !$*UTF8*$!
{
	archiveVersion = 1;
	classes = {
	};
	objectVersion = 48;
	objects = {

/* Begin PBXBuildFile section */
		470ACF4858FACC9A1FCB30D3 /* Pods_flix_applicationTests.framework in Frameworks */ = {isa = PBXBuildFile; fileRef = 24DCDEE7A6348A6A363C17A3 /* Pods_flix_applicationTests.framework */; };
		502E39CB43955FB654851EB6 /* Pods_flix_applicationUITests.framework in Frameworks */ = {isa = PBXBuildFile; fileRef = F8A812D05AFCB82FD027C0C2 /* Pods_flix_applicationUITests.framework */; };
		9F0650A42167BEE100422941 /* Movie.swift in Sources */ = {isa = PBXBuildFile; fileRef = 9F0650A32167BEE100422941 /* Movie.swift */; };
		9F4FEE992144343500B3506F /* MovieCell.swift in Sources */ = {isa = PBXBuildFile; fileRef = 9F4FEE982144343500B3506F /* MovieCell.swift */; };
		9F6A21C52148884800976B1A /* DetailViewController.swift in Sources */ = {isa = PBXBuildFile; fileRef = 9F6A21C42148884800976B1A /* DetailViewController.swift */; };
		9F6A21C7214892F400976B1A /* PosterCell.swift in Sources */ = {isa = PBXBuildFile; fileRef = 9F6A21C6214892F400976B1A /* PosterCell.swift */; };
		9F6A21C92148934F00976B1A /* SuperheroViewController.swift in Sources */ = {isa = PBXBuildFile; fileRef = 9F6A21C82148934F00976B1A /* SuperheroViewController.swift */; };
		9F6E6006213F4A7A0031C518 /* AppDelegate.swift in Sources */ = {isa = PBXBuildFile; fileRef = 9F6E6005213F4A7A0031C518 /* AppDelegate.swift */; };
		9F6E6008213F4A7A0031C518 /* ViewController.swift in Sources */ = {isa = PBXBuildFile; fileRef = 9F6E6007213F4A7A0031C518 /* ViewController.swift */; };
		9F6E600B213F4A7A0031C518 /* Main.storyboard in Resources */ = {isa = PBXBuildFile; fileRef = 9F6E6009213F4A7A0031C518 /* Main.storyboard */; };
		9F6E600D213F4A7A0031C518 /* Assets.xcassets in Resources */ = {isa = PBXBuildFile; fileRef = 9F6E600C213F4A7A0031C518 /* Assets.xcassets */; };
		9F6E6010213F4A7A0031C518 /* LaunchScreen.storyboard in Resources */ = {isa = PBXBuildFile; fileRef = 9F6E600E213F4A7A0031C518 /* LaunchScreen.storyboard */; };
		9F6E601B213F4A7A0031C518 /* flix_applicationTests.swift in Sources */ = {isa = PBXBuildFile; fileRef = 9F6E601A213F4A7A0031C518 /* flix_applicationTests.swift */; };
		9F6E6026213F4A7A0031C518 /* flix_applicationUITests.swift in Sources */ = {isa = PBXBuildFile; fileRef = 9F6E6025213F4A7A0031C518 /* flix_applicationUITests.swift */; };
		9F6E6034213F5D220031C518 /* NowPlayingViewController.swift in Sources */ = {isa = PBXBuildFile; fileRef = 9F6E6033213F5D220031C518 /* NowPlayingViewController.swift */; };
		9FA759D6216818DA00CCF9B7 /* MovieApiManager.swift in Sources */ = {isa = PBXBuildFile; fileRef = 9FA759D5216818DA00CCF9B7 /* MovieApiManager.swift */; };
		C63AF1595A2F81BE6F3834A0 /* Pods_flix_application.framework in Frameworks */ = {isa = PBXBuildFile; fileRef = 9C4CA8A0D9FB379574746C04 /* Pods_flix_application.framework */; };
/* End PBXBuildFile section */

/* Begin PBXContainerItemProxy section */
		9F6E6017213F4A7A0031C518 /* PBXContainerItemProxy */ = {
			isa = PBXContainerItemProxy;
			containerPortal = 9F6E5FFA213F4A7A0031C518 /* Project object */;
			proxyType = 1;
			remoteGlobalIDString = 9F6E6001213F4A7A0031C518;
			remoteInfo = flix_application;
		};
		9F6E6022213F4A7A0031C518 /* PBXContainerItemProxy */ = {
			isa = PBXContainerItemProxy;
			containerPortal = 9F6E5FFA213F4A7A0031C518 /* Project object */;
			proxyType = 1;
			remoteGlobalIDString = 9F6E6001213F4A7A0031C518;
			remoteInfo = flix_application;
		};
/* End PBXContainerItemProxy section */

/* Begin PBXFileReference section */
		041014A94F15598138C79685 /* Pods-flix_applicationTests.release.xcconfig */ = {isa = PBXFileReference; includeInIndex = 1; lastKnownFileType = text.xcconfig; name = "Pods-flix_applicationTests.release.xcconfig"; path = "Pods/Target Support Files/Pods-flix_applicationTests/Pods-flix_applicationTests.release.xcconfig"; sourceTree = "<group>"; };
		0E95F2C45E54D5D11BB59F1C /* Pods-flix_application.debug.xcconfig */ = {isa = PBXFileReference; includeInIndex = 1; lastKnownFileType = text.xcconfig; name = "Pods-flix_application.debug.xcconfig"; path = "Pods/Target Support Files/Pods-flix_application/Pods-flix_application.debug.xcconfig"; sourceTree = "<group>"; };
		24DCDEE7A6348A6A363C17A3 /* Pods_flix_applicationTests.framework */ = {isa = PBXFileReference; explicitFileType = wrapper.framework; includeInIndex = 0; path = Pods_flix_applicationTests.framework; sourceTree = BUILT_PRODUCTS_DIR; };
		6F7F59B8D58219761B724B23 /* Pods-flix_applicationTests.debug.xcconfig */ = {isa = PBXFileReference; includeInIndex = 1; lastKnownFileType = text.xcconfig; name = "Pods-flix_applicationTests.debug.xcconfig"; path = "Pods/Target Support Files/Pods-flix_applicationTests/Pods-flix_applicationTests.debug.xcconfig"; sourceTree = "<group>"; };
		908AB6838D9F3BB4122C2986 /* Pods-flix_application.release.xcconfig */ = {isa = PBXFileReference; includeInIndex = 1; lastKnownFileType = text.xcconfig; name = "Pods-flix_application.release.xcconfig"; path = "Pods/Target Support Files/Pods-flix_application/Pods-flix_application.release.xcconfig"; sourceTree = "<group>"; };
		9C4CA8A0D9FB379574746C04 /* Pods_flix_application.framework */ = {isa = PBXFileReference; explicitFileType = wrapper.framework; includeInIndex = 0; path = Pods_flix_application.framework; sourceTree = BUILT_PRODUCTS_DIR; };
		9F0650A32167BEE100422941 /* Movie.swift */ = {isa = PBXFileReference; lastKnownFileType = sourcecode.swift; name = Movie.swift; path = "/Users/vidhuappalaraju/Desktop/iOS projects/flix_application/flix_application/Views/Movie.swift"; sourceTree = "<absolute>"; };
		9F4FEE982144343500B3506F /* MovieCell.swift */ = {isa = PBXFileReference; lastKnownFileType = sourcecode.swift; path = MovieCell.swift; sourceTree = "<group>"; };
		9F6A21C42148884800976B1A /* DetailViewController.swift */ = {isa = PBXFileReference; lastKnownFileType = sourcecode.swift; name = DetailViewController.swift; path = "/Users/vidhuappalaraju/Desktop/iOS projects/flix_application/flix_application/ViewControllers/DetailViewController.swift"; sourceTree = "<absolute>"; };
		9F6A21C6214892F400976B1A /* PosterCell.swift */ = {isa = PBXFileReference; lastKnownFileType = sourcecode.swift; path = PosterCell.swift; sourceTree = "<group>"; };
		9F6A21C82148934F00976B1A /* SuperheroViewController.swift */ = {isa = PBXFileReference; lastKnownFileType = sourcecode.swift; path = SuperheroViewController.swift; sourceTree = "<group>"; };
		9F6E6002213F4A7A0031C518 /* flix_application.app */ = {isa = PBXFileReference; explicitFileType = wrapper.application; includeInIndex = 0; path = flix_application.app; sourceTree = BUILT_PRODUCTS_DIR; };
		9F6E6005213F4A7A0031C518 /* AppDelegate.swift */ = {isa = PBXFileReference; lastKnownFileType = sourcecode.swift; path = AppDelegate.swift; sourceTree = "<group>"; };
		9F6E6007213F4A7A0031C518 /* ViewController.swift */ = {isa = PBXFileReference; lastKnownFileType = sourcecode.swift; path = ViewController.swift; sourceTree = "<group>"; };
		9F6E600A213F4A7A0031C518 /* Base */ = {isa = PBXFileReference; lastKnownFileType = file.storyboard; name = Base; path = Base.lproj/Main.storyboard; sourceTree = "<group>"; };
		9F6E600C213F4A7A0031C518 /* Assets.xcassets */ = {isa = PBXFileReference; lastKnownFileType = folder.assetcatalog; path = Assets.xcassets; sourceTree = "<group>"; };
		9F6E600F213F4A7A0031C518 /* Base */ = {isa = PBXFileReference; lastKnownFileType = file.storyboard; name = Base; path = Base.lproj/LaunchScreen.storyboard; sourceTree = "<group>"; };
		9F6E6011213F4A7A0031C518 /* Info.plist */ = {isa = PBXFileReference; lastKnownFileType = text.plist.xml; path = Info.plist; sourceTree = "<group>"; };
		9F6E6016213F4A7A0031C518 /* flix_applicationTests.xctest */ = {isa = PBXFileReference; explicitFileType = wrapper.cfbundle; includeInIndex = 0; path = flix_applicationTests.xctest; sourceTree = BUILT_PRODUCTS_DIR; };
		9F6E601A213F4A7A0031C518 /* flix_applicationTests.swift */ = {isa = PBXFileReference; lastKnownFileType = sourcecode.swift; path = flix_applicationTests.swift; sourceTree = "<group>"; };
		9F6E601C213F4A7A0031C518 /* Info.plist */ = {isa = PBXFileReference; lastKnownFileType = text.plist.xml; path = Info.plist; sourceTree = "<group>"; };
		9F6E6021213F4A7A0031C518 /* flix_applicationUITests.xctest */ = {isa = PBXFileReference; explicitFileType = wrapper.cfbundle; includeInIndex = 0; path = flix_applicationUITests.xctest; sourceTree = BUILT_PRODUCTS_DIR; };
		9F6E6025213F4A7A0031C518 /* flix_applicationUITests.swift */ = {isa = PBXFileReference; lastKnownFileType = sourcecode.swift; path = flix_applicationUITests.swift; sourceTree = "<group>"; };
		9F6E6027213F4A7A0031C518 /* Info.plist */ = {isa = PBXFileReference; lastKnownFileType = text.plist.xml; path = Info.plist; sourceTree = "<group>"; };
		9F6E6033213F5D220031C518 /* NowPlayingViewController.swift */ = {isa = PBXFileReference; lastKnownFileType = sourcecode.swift; path = NowPlayingViewController.swift; sourceTree = "<group>"; };
		9FA759D5216818DA00CCF9B7 /* MovieApiManager.swift */ = {isa = PBXFileReference; lastKnownFileType = sourcecode.swift; name = MovieApiManager.swift; path = flix_application/Views/MovieApiManager.swift; sourceTree = SOURCE_ROOT; };
		B69CBFE5621DC69A8463BD05 /* Pods-flix_applicationUITests.debug.xcconfig */ = {isa = PBXFileReference; includeInIndex = 1; lastKnownFileType = text.xcconfig; name = "Pods-flix_applicationUITests.debug.xcconfig"; path = "Pods/Target Support Files/Pods-flix_applicationUITests/Pods-flix_applicationUITests.debug.xcconfig"; sourceTree = "<group>"; };
		E43D7589B2F8F8678EE45517 /* Pods-flix_applicationUITests.release.xcconfig */ = {isa = PBXFileReference; includeInIndex = 1; lastKnownFileType = text.xcconfig; name = "Pods-flix_applicationUITests.release.xcconfig"; path = "Pods/Target Support Files/Pods-flix_applicationUITests/Pods-flix_applicationUITests.release.xcconfig"; sourceTree = "<group>"; };
		F8A812D05AFCB82FD027C0C2 /* Pods_flix_applicationUITests.framework */ = {isa = PBXFileReference; explicitFileType = wrapper.framework; includeInIndex = 0; path = Pods_flix_applicationUITests.framework; sourceTree = BUILT_PRODUCTS_DIR; };
/* End PBXFileReference section */

/* Begin PBXFrameworksBuildPhase section */
		9F6E5FFF213F4A7A0031C518 /* Frameworks */ = {
			isa = PBXFrameworksBuildPhase;
			buildActionMask = 2147483647;
			files = (
				C63AF1595A2F81BE6F3834A0 /* Pods_flix_application.framework in Frameworks */,
			);
			runOnlyForDeploymentPostprocessing = 0;
		};
		9F6E6013213F4A7A0031C518 /* Frameworks */ = {
			isa = PBXFrameworksBuildPhase;
			buildActionMask = 2147483647;
			files = (
				470ACF4858FACC9A1FCB30D3 /* Pods_flix_applicationTests.framework in Frameworks */,
			);
			runOnlyForDeploymentPostprocessing = 0;
		};
		9F6E601E213F4A7A0031C518 /* Frameworks */ = {
			isa = PBXFrameworksBuildPhase;
			buildActionMask = 2147483647;
			files = (
				502E39CB43955FB654851EB6 /* Pods_flix_applicationUITests.framework in Frameworks */,
			);
			runOnlyForDeploymentPostprocessing = 0;
		};
/* End PBXFrameworksBuildPhase section */

/* Begin PBXGroup section */
		1180D49DA928BCBE2596DFA5 /* Frameworks */ = {
			isa = PBXGroup;
			children = (
				9C4CA8A0D9FB379574746C04 /* Pods_flix_application.framework */,
				24DCDEE7A6348A6A363C17A3 /* Pods_flix_applicationTests.framework */,
				F8A812D05AFCB82FD027C0C2 /* Pods_flix_applicationUITests.framework */,
			);
			name = Frameworks;
			sourceTree = "<group>";
		};
		9F6A21C2214887D000976B1A /* Views */ = {
			isa = PBXGroup;
			children = (
				9F0650A32167BEE100422941 /* Movie.swift */,
				9F4FEE982144343500B3506F /* MovieCell.swift */,
				9F6A21C6214892F400976B1A /* PosterCell.swift */,
			);
			path = Views;
			sourceTree = "<group>";
		};
		9F6A21C3214887DA00976B1A /* ViewControllers */ = {
			isa = PBXGroup;
			children = (
				9F6A21C42148884800976B1A /* DetailViewController.swift */,
				9F6E6033213F5D220031C518 /* NowPlayingViewController.swift */,
				9FA759D5216818DA00CCF9B7 /* MovieApiManager.swift */,
				9F6A21C82148934F00976B1A /* SuperheroViewController.swift */,
			);
			path = ViewControllers;
			sourceTree = "<group>";
		};
		9F6E5FF9213F4A7A0031C518 = {
			isa = PBXGroup;
			children = (
				9F6E6004213F4A7A0031C518 /* flix_application */,
				9F6E6019213F4A7A0031C518 /* flix_applicationTests */,
				9F6E6024213F4A7A0031C518 /* flix_applicationUITests */,
				9F6E6003213F4A7A0031C518 /* Products */,
				AA5AB757ACCF11B82F97F00F /* Pods */,
				1180D49DA928BCBE2596DFA5 /* Frameworks */,
			);
			sourceTree = "<group>";
		};
		9F6E6003213F4A7A0031C518 /* Products */ = {
			isa = PBXGroup;
			children = (
				9F6E6002213F4A7A0031C518 /* flix_application.app */,
				9F6E6016213F4A7A0031C518 /* flix_applicationTests.xctest */,
				9F6E6021213F4A7A0031C518 /* flix_applicationUITests.xctest */,
			);
			name = Products;
			sourceTree = "<group>";
		};
		9F6E6004213F4A7A0031C518 /* flix_application */ = {
			isa = PBXGroup;
			children = (
				9F6A21C2214887D000976B1A /* Views */,
				9F6A21C3214887DA00976B1A /* ViewControllers */,
				9F6E6005213F4A7A0031C518 /* AppDelegate.swift */,
				9F6E6007213F4A7A0031C518 /* ViewController.swift */,
				9F6E6009213F4A7A0031C518 /* Main.storyboard */,
				9F6E600C213F4A7A0031C518 /* Assets.xcassets */,
				9F6E600E213F4A7A0031C518 /* LaunchScreen.storyboard */,
				9F6E6011213F4A7A0031C518 /* Info.plist */,
			);
			path = flix_application;
			sourceTree = "<group>";
		};
		9F6E6019213F4A7A0031C518 /* flix_applicationTests */ = {
			isa = PBXGroup;
			children = (
				9F6E601A213F4A7A0031C518 /* flix_applicationTests.swift */,
				9F6E601C213F4A7A0031C518 /* Info.plist */,
			);
			path = flix_applicationTests;
			sourceTree = "<group>";
		};
		9F6E6024213F4A7A0031C518 /* flix_applicationUITests */ = {
			isa = PBXGroup;
			children = (
				9F6E6025213F4A7A0031C518 /* flix_applicationUITests.swift */,
				9F6E6027213F4A7A0031C518 /* Info.plist */,
			);
			path = flix_applicationUITests;
			sourceTree = "<group>";
		};
		AA5AB757ACCF11B82F97F00F /* Pods */ = {
			isa = PBXGroup;
			children = (
				0E95F2C45E54D5D11BB59F1C /* Pods-flix_application.debug.xcconfig */,
				908AB6838D9F3BB4122C2986 /* Pods-flix_application.release.xcconfig */,
				6F7F59B8D58219761B724B23 /* Pods-flix_applicationTests.debug.xcconfig */,
				041014A94F15598138C79685 /* Pods-flix_applicationTests.release.xcconfig */,
				B69CBFE5621DC69A8463BD05 /* Pods-flix_applicationUITests.debug.xcconfig */,
				E43D7589B2F8F8678EE45517 /* Pods-flix_applicationUITests.release.xcconfig */,
			);
			name = Pods;
			sourceTree = "<group>";
		};
/* End PBXGroup section */

/* Begin PBXNativeTarget section */
		9F6E6001213F4A7A0031C518 /* flix_application */ = {
			isa = PBXNativeTarget;
			buildConfigurationList = 9F6E602A213F4A7A0031C518 /* Build configuration list for PBXNativeTarget "flix_application" */;
			buildPhases = (
				C0EB7F58D5E7B1F2EEBEF937 /* [CP] Check Pods Manifest.lock */,
				9F6E5FFE213F4A7A0031C518 /* Sources */,
				9F6E5FFF213F4A7A0031C518 /* Frameworks */,
				9F6E6000213F4A7A0031C518 /* Resources */,
				E6DA8CBD8F1D1C43C5C8CA42 /* [CP] Embed Pods Frameworks */,
			);
			buildRules = (
			);
			dependencies = (
			);
			name = flix_application;
			productName = flix_application;
			productReference = 9F6E6002213F4A7A0031C518 /* flix_application.app */;
			productType = "com.apple.product-type.application";
		};
		9F6E6015213F4A7A0031C518 /* flix_applicationTests */ = {
			isa = PBXNativeTarget;
			buildConfigurationList = 9F6E602D213F4A7A0031C518 /* Build configuration list for PBXNativeTarget "flix_applicationTests" */;
			buildPhases = (
				CD32282BDDA871B1B5B37B31 /* [CP] Check Pods Manifest.lock */,
				9F6E6012213F4A7A0031C518 /* Sources */,
				9F6E6013213F4A7A0031C518 /* Frameworks */,
				9F6E6014213F4A7A0031C518 /* Resources */,
			);
			buildRules = (
			);
			dependencies = (
				9F6E6018213F4A7A0031C518 /* PBXTargetDependency */,
			);
			name = flix_applicationTests;
			productName = flix_applicationTests;
			productReference = 9F6E6016213F4A7A0031C518 /* flix_applicationTests.xctest */;
			productType = "com.apple.product-type.bundle.unit-test";
		};
		9F6E6020213F4A7A0031C518 /* flix_applicationUITests */ = {
			isa = PBXNativeTarget;
			buildConfigurationList = 9F6E6030213F4A7A0031C518 /* Build configuration list for PBXNativeTarget "flix_applicationUITests" */;
			buildPhases = (
				9030E1116A91F1E112BEB500 /* [CP] Check Pods Manifest.lock */,
				9F6E601D213F4A7A0031C518 /* Sources */,
				9F6E601E213F4A7A0031C518 /* Frameworks */,
				9F6E601F213F4A7A0031C518 /* Resources */,
			);
			buildRules = (
			);
			dependencies = (
				9F6E6023213F4A7A0031C518 /* PBXTargetDependency */,
			);
			name = flix_applicationUITests;
			productName = flix_applicationUITests;
			productReference = 9F6E6021213F4A7A0031C518 /* flix_applicationUITests.xctest */;
			productType = "com.apple.product-type.bundle.ui-testing";
		};
/* End PBXNativeTarget section */

/* Begin PBXProject section */
		9F6E5FFA213F4A7A0031C518 /* Project object */ = {
			isa = PBXProject;
			attributes = {
				LastSwiftUpdateCheck = 0920;
				LastUpgradeCheck = 0920;
				ORGANIZATIONNAME = "Vidhu Appalaraju";
				TargetAttributes = {
					9F6E6001213F4A7A0031C518 = {
						CreatedOnToolsVersion = 9.2;
						ProvisioningStyle = Automatic;
					};
					9F6E6015213F4A7A0031C518 = {
						CreatedOnToolsVersion = 9.2;
						ProvisioningStyle = Automatic;
						TestTargetID = 9F6E6001213F4A7A0031C518;
					};
					9F6E6020213F4A7A0031C518 = {
						CreatedOnToolsVersion = 9.2;
						ProvisioningStyle = Automatic;
						TestTargetID = 9F6E6001213F4A7A0031C518;
					};
				};
			};
			buildConfigurationList = 9F6E5FFD213F4A7A0031C518 /* Build configuration list for PBXProject "flix_application" */;
			compatibilityVersion = "Xcode 8.0";
			developmentRegion = en;
			hasScannedForEncodings = 0;
			knownRegions = (
				en,
				Base,
			);
			mainGroup = 9F6E5FF9213F4A7A0031C518;
			productRefGroup = 9F6E6003213F4A7A0031C518 /* Products */;
			projectDirPath = "";
			projectRoot = "";
			targets = (
				9F6E6001213F4A7A0031C518 /* flix_application */,
				9F6E6015213F4A7A0031C518 /* flix_applicationTests */,
				9F6E6020213F4A7A0031C518 /* flix_applicationUITests */,
			);
		};
/* End PBXProject section */

/* Begin PBXResourcesBuildPhase section */
		9F6E6000213F4A7A0031C518 /* Resources */ = {
			isa = PBXResourcesBuildPhase;
			buildActionMask = 2147483647;
			files = (
				9F6E6010213F4A7A0031C518 /* LaunchScreen.storyboard in Resources */,
				9F6E600D213F4A7A0031C518 /* Assets.xcassets in Resources */,
				9F6E600B213F4A7A0031C518 /* Main.storyboard in Resources */,
			);
			runOnlyForDeploymentPostprocessing = 0;
		};
		9F6E6014213F4A7A0031C518 /* Resources */ = {
			isa = PBXResourcesBuildPhase;
			buildActionMask = 2147483647;
			files = (
			);
			runOnlyForDeploymentPostprocessing = 0;
		};
		9F6E601F213F4A7A0031C518 /* Resources */ = {
			isa = PBXResourcesBuildPhase;
			buildActionMask = 2147483647;
			files = (
			);
			runOnlyForDeploymentPostprocessing = 0;
		};
/* End PBXResourcesBuildPhase section */

/* Begin PBXShellScriptBuildPhase section */
		9030E1116A91F1E112BEB500 /* [CP] Check Pods Manifest.lock */ = {
			isa = PBXShellScriptBuildPhase;
			buildActionMask = 2147483647;
			files = (
			);
			inputPaths = (
				"${PODS_PODFILE_DIR_PATH}/Podfile.lock",
				"${PODS_ROOT}/Manifest.lock",
			);
			name = "[CP] Check Pods Manifest.lock";
			outputPaths = (
				"$(DERIVED_FILE_DIR)/Pods-flix_applicationUITests-checkManifestLockResult.txt",
			);
			runOnlyForDeploymentPostprocessing = 0;
			shellPath = /bin/sh;
			shellScript = "diff \"${PODS_PODFILE_DIR_PATH}/Podfile.lock\" \"${PODS_ROOT}/Manifest.lock\" > /dev/null\nif [ $? != 0 ] ; then\n    # print error to STDERR\n    echo \"error: The sandbox is not in sync with the Podfile.lock. Run 'pod install' or update your CocoaPods installation.\" >&2\n    exit 1\nfi\n# This output is used by Xcode 'outputs' to avoid re-running this script phase.\necho \"SUCCESS\" > \"${SCRIPT_OUTPUT_FILE_0}\"\n";
			showEnvVarsInLog = 0;
		};
		C0EB7F58D5E7B1F2EEBEF937 /* [CP] Check Pods Manifest.lock */ = {
			isa = PBXShellScriptBuildPhase;
			buildActionMask = 2147483647;
			files = (
			);
			inputPaths = (
				"${PODS_PODFILE_DIR_PATH}/Podfile.lock",
				"${PODS_ROOT}/Manifest.lock",
			);
			name = "[CP] Check Pods Manifest.lock";
			outputPaths = (
				"$(DERIVED_FILE_DIR)/Pods-flix_application-checkManifestLockResult.txt",
			);
			runOnlyForDeploymentPostprocessing = 0;
			shellPath = /bin/sh;
			shellScript = "diff \"${PODS_PODFILE_DIR_PATH}/Podfile.lock\" \"${PODS_ROOT}/Manifest.lock\" > /dev/null\nif [ $? != 0 ] ; then\n    # print error to STDERR\n    echo \"error: The sandbox is not in sync with the Podfile.lock. Run 'pod install' or update your CocoaPods installation.\" >&2\n    exit 1\nfi\n# This output is used by Xcode 'outputs' to avoid re-running this script phase.\necho \"SUCCESS\" > \"${SCRIPT_OUTPUT_FILE_0}\"\n";
			showEnvVarsInLog = 0;
		};
		CD32282BDDA871B1B5B37B31 /* [CP] Check Pods Manifest.lock */ = {
			isa = PBXShellScriptBuildPhase;
			buildActionMask = 2147483647;
			files = (
			);
			inputPaths = (
				"${PODS_PODFILE_DIR_PATH}/Podfile.lock",
				"${PODS_ROOT}/Manifest.lock",
			);
			name = "[CP] Check Pods Manifest.lock";
			outputPaths = (
				"$(DERIVED_FILE_DIR)/Pods-flix_applicationTests-checkManifestLockResult.txt",
			);
			runOnlyForDeploymentPostprocessing = 0;
			shellPath = /bin/sh;
			shellScript = "diff \"${PODS_PODFILE_DIR_PATH}/Podfile.lock\" \"${PODS_ROOT}/Manifest.lock\" > /dev/null\nif [ $? != 0 ] ; then\n    # print error to STDERR\n    echo \"error: The sandbox is not in sync with the Podfile.lock. Run 'pod install' or update your CocoaPods installation.\" >&2\n    exit 1\nfi\n# This output is used by Xcode 'outputs' to avoid re-running this script phase.\necho \"SUCCESS\" > \"${SCRIPT_OUTPUT_FILE_0}\"\n";
			showEnvVarsInLog = 0;
		};
		E6DA8CBD8F1D1C43C5C8CA42 /* [CP] Embed Pods Frameworks */ = {
			isa = PBXShellScriptBuildPhase;
			buildActionMask = 2147483647;
			files = (
			);
			inputPaths = (
				"${SRCROOT}/Pods/Target Support Files/Pods-flix_application/Pods-flix_application-frameworks.sh",
				"${BUILT_PRODUCTS_DIR}/Alamofire/Alamofire.framework",
				"${BUILT_PRODUCTS_DIR}/AlamofireImage/AlamofireImage.framework",
			);
			name = "[CP] Embed Pods Frameworks";
			outputPaths = (
				"${TARGET_BUILD_DIR}/${FRAMEWORKS_FOLDER_PATH}/Alamofire.framework",
				"${TARGET_BUILD_DIR}/${FRAMEWORKS_FOLDER_PATH}/AlamofireImage.framework",
			);
			runOnlyForDeploymentPostprocessing = 0;
			shellPath = /bin/sh;
			shellScript = "\"${SRCROOT}/Pods/Target Support Files/Pods-flix_application/Pods-flix_application-frameworks.sh\"\n";
			showEnvVarsInLog = 0;
		};
/* End PBXShellScriptBuildPhase section */

/* Begin PBXSourcesBuildPhase section */
		9F6E5FFE213F4A7A0031C518 /* Sources */ = {
			isa = PBXSourcesBuildPhase;
			buildActionMask = 2147483647;
			files = (
				9F6E6008213F4A7A0031C518 /* ViewController.swift in Sources */,
				9F6E6034213F5D220031C518 /* NowPlayingViewController.swift in Sources */,
				9F6A21C7214892F400976B1A /* PosterCell.swift in Sources */,
				9FA759D6216818DA00CCF9B7 /* MovieApiManager.swift in Sources */,
				9F6A21C52148884800976B1A /* DetailViewController.swift in Sources */,
				9F6A21C92148934F00976B1A /* SuperheroViewController.swift in Sources */,
				9F4FEE992144343500B3506F /* MovieCell.swift in Sources */,
				9F0650A42167BEE100422941 /* Movie.swift in Sources */,
				9F6E6006213F4A7A0031C518 /* AppDelegate.swift in Sources */,
			);
			runOnlyForDeploymentPostprocessing = 0;
		};
		9F6E6012213F4A7A0031C518 /* Sources */ = {
			isa = PBXSourcesBuildPhase;
			buildActionMask = 2147483647;
			files = (
				9F6E601B213F4A7A0031C518 /* flix_applicationTests.swift in Sources */,
			);
			runOnlyForDeploymentPostprocessing = 0;
		};
		9F6E601D213F4A7A0031C518 /* Sources */ = {
			isa = PBXSourcesBuildPhase;
			buildActionMask = 2147483647;
			files = (
				9F6E6026213F4A7A0031C518 /* flix_applicationUITests.swift in Sources */,
			);
			runOnlyForDeploymentPostprocessing = 0;
		};
/* End PBXSourcesBuildPhase section */

/* Begin PBXTargetDependency section */
		9F6E6018213F4A7A0031C518 /* PBXTargetDependency */ = {
			isa = PBXTargetDependency;
			target = 9F6E6001213F4A7A0031C518 /* flix_application */;
			targetProxy = 9F6E6017213F4A7A0031C518 /* PBXContainerItemProxy */;
		};
		9F6E6023213F4A7A0031C518 /* PBXTargetDependency */ = {
			isa = PBXTargetDependency;
			target = 9F6E6001213F4A7A0031C518 /* flix_application */;
			targetProxy = 9F6E6022213F4A7A0031C518 /* PBXContainerItemProxy */;
		};
/* End PBXTargetDependency section */

/* Begin PBXVariantGroup section */
		9F6E6009213F4A7A0031C518 /* Main.storyboard */ = {
			isa = PBXVariantGroup;
			children = (
				9F6E600A213F4A7A0031C518 /* Base */,
			);
			name = Main.storyboard;
			sourceTree = "<group>";
		};
		9F6E600E213F4A7A0031C518 /* LaunchScreen.storyboard */ = {
			isa = PBXVariantGroup;
			children = (
				9F6E600F213F4A7A0031C518 /* Base */,
			);
			name = LaunchScreen.storyboard;
			sourceTree = "<group>";
		};
/* End PBXVariantGroup section */

/* Begin XCBuildConfiguration section */
		9F6E6028213F4A7A0031C518 /* Debug */ = {
			isa = XCBuildConfiguration;
			buildSettings = {
				ALWAYS_SEARCH_USER_PATHS = NO;
				CLANG_ANALYZER_NONNULL = YES;
				CLANG_ANALYZER_NUMBER_OBJECT_CONVERSION = YES_AGGRESSIVE;
				CLANG_CXX_LANGUAGE_STANDARD = "gnu++14";
				CLANG_CXX_LIBRARY = "libc++";
				CLANG_ENABLE_MODULES = YES;
				CLANG_ENABLE_OBJC_ARC = YES;
				CLANG_WARN_BLOCK_CAPTURE_AUTORELEASING = YES;
				CLANG_WARN_BOOL_CONVERSION = YES;
				CLANG_WARN_COMMA = YES;
				CLANG_WARN_CONSTANT_CONVERSION = YES;
				CLANG_WARN_DIRECT_OBJC_ISA_USAGE = YES_ERROR;
				CLANG_WARN_DOCUMENTATION_COMMENTS = YES;
				CLANG_WARN_EMPTY_BODY = YES;
				CLANG_WARN_ENUM_CONVERSION = YES;
				CLANG_WARN_INFINITE_RECURSION = YES;
				CLANG_WARN_INT_CONVERSION = YES;
				CLANG_WARN_NON_LITERAL_NULL_CONVERSION = YES;
				CLANG_WARN_OBJC_LITERAL_CONVERSION = YES;
				CLANG_WARN_OBJC_ROOT_CLASS = YES_ERROR;
				CLANG_WARN_RANGE_LOOP_ANALYSIS = YES;
				CLANG_WARN_STRICT_PROTOTYPES = YES;
				CLANG_WARN_SUSPICIOUS_MOVE = YES;
				CLANG_WARN_UNGUARDED_AVAILABILITY = YES_AGGRESSIVE;
				CLANG_WARN_UNREACHABLE_CODE = YES;
				CLANG_WARN__DUPLICATE_METHOD_MATCH = YES;
				CODE_SIGN_IDENTITY = "iPhone Developer";
				COPY_PHASE_STRIP = NO;
				DEBUG_INFORMATION_FORMAT = dwarf;
				ENABLE_STRICT_OBJC_MSGSEND = YES;
				ENABLE_TESTABILITY = YES;
				GCC_C_LANGUAGE_STANDARD = gnu11;
				GCC_DYNAMIC_NO_PIC = NO;
				GCC_NO_COMMON_BLOCKS = YES;
				GCC_OPTIMIZATION_LEVEL = 0;
				GCC_PREPROCESSOR_DEFINITIONS = (
					"DEBUG=1",
					"$(inherited)",
				);
				GCC_WARN_64_TO_32_BIT_CONVERSION = YES;
				GCC_WARN_ABOUT_RETURN_TYPE = YES_ERROR;
				GCC_WARN_UNDECLARED_SELECTOR = YES;
				GCC_WARN_UNINITIALIZED_AUTOS = YES_AGGRESSIVE;
				GCC_WARN_UNUSED_FUNCTION = YES;
				GCC_WARN_UNUSED_VARIABLE = YES;
				IPHONEOS_DEPLOYMENT_TARGET = 11.2;
				MTL_ENABLE_DEBUG_INFO = YES;
				ONLY_ACTIVE_ARCH = YES;
				SDKROOT = iphoneos;
				SWIFT_ACTIVE_COMPILATION_CONDITIONS = DEBUG;
				SWIFT_OPTIMIZATION_LEVEL = "-Onone";
			};
			name = Debug;
		};
		9F6E6029213F4A7A0031C518 /* Release */ = {
			isa = XCBuildConfiguration;
			buildSettings = {
				ALWAYS_SEARCH_USER_PATHS = NO;
				CLANG_ANALYZER_NONNULL = YES;
				CLANG_ANALYZER_NUMBER_OBJECT_CONVERSION = YES_AGGRESSIVE;
				CLANG_CXX_LANGUAGE_STANDARD = "gnu++14";
				CLANG_CXX_LIBRARY = "libc++";
				CLANG_ENABLE_MODULES = YES;
				CLANG_ENABLE_OBJC_ARC = YES;
				CLANG_WARN_BLOCK_CAPTURE_AUTORELEASING = YES;
				CLANG_WARN_BOOL_CONVERSION = YES;
				CLANG_WARN_COMMA = YES;
				CLANG_WARN_CONSTANT_CONVERSION = YES;
				CLANG_WARN_DIRECT_OBJC_ISA_USAGE = YES_ERROR;
				CLANG_WARN_DOCUMENTATION_COMMENTS = YES;
				CLANG_WARN_EMPTY_BODY = YES;
				CLANG_WARN_ENUM_CONVERSION = YES;
				CLANG_WARN_INFINITE_RECURSION = YES;
				CLANG_WARN_INT_CONVERSION = YES;
				CLANG_WARN_NON_LITERAL_NULL_CONVERSION = YES;
				CLANG_WARN_OBJC_LITERAL_CONVERSION = YES;
				CLANG_WARN_OBJC_ROOT_CLASS = YES_ERROR;
				CLANG_WARN_RANGE_LOOP_ANALYSIS = YES;
				CLANG_WARN_STRICT_PROTOTYPES = YES;
				CLANG_WARN_SUSPICIOUS_MOVE = YES;
				CLANG_WARN_UNGUARDED_AVAILABILITY = YES_AGGRESSIVE;
				CLANG_WARN_UNREACHABLE_CODE = YES;
				CLANG_WARN__DUPLICATE_METHOD_MATCH = YES;
				CODE_SIGN_IDENTITY = "iPhone Developer";
				COPY_PHASE_STRIP = NO;
				DEBUG_INFORMATION_FORMAT = "dwarf-with-dsym";
				ENABLE_NS_ASSERTIONS = NO;
				ENABLE_STRICT_OBJC_MSGSEND = YES;
				GCC_C_LANGUAGE_STANDARD = gnu11;
				GCC_NO_COMMON_BLOCKS = YES;
				GCC_WARN_64_TO_32_BIT_CONVERSION = YES;
				GCC_WARN_ABOUT_RETURN_TYPE = YES_ERROR;
				GCC_WARN_UNDECLARED_SELECTOR = YES;
				GCC_WARN_UNINITIALIZED_AUTOS = YES_AGGRESSIVE;
				GCC_WARN_UNUSED_FUNCTION = YES;
				GCC_WARN_UNUSED_VARIABLE = YES;
				IPHONEOS_DEPLOYMENT_TARGET = 11.2;
				MTL_ENABLE_DEBUG_INFO = NO;
				SDKROOT = iphoneos;
				SWIFT_OPTIMIZATION_LEVEL = "-Owholemodule";
				VALIDATE_PRODUCT = YES;
			};
			name = Release;
		};
		9F6E602B213F4A7A0031C518 /* Debug */ = {
			isa = XCBuildConfiguration;
			baseConfigurationReference = 0E95F2C45E54D5D11BB59F1C /* Pods-flix_application.debug.xcconfig */;
			buildSettings = {
				ASSETCATALOG_COMPILER_APPICON_NAME = AppIcon;
				CODE_SIGN_STYLE = Automatic;
				DEVELOPMENT_TEAM = CPX8F288SG;
				INFOPLIST_FILE = flix_application/Info.plist;
				LD_RUNPATH_SEARCH_PATHS = "$(inherited) @executable_path/Frameworks";
				PRODUCT_BUNDLE_IDENTIFIER = "com.vidhu.flix-application";
				PRODUCT_NAME = "$(TARGET_NAME)";
				SWIFT_VERSION = 4.0;
				TARGETED_DEVICE_FAMILY = "1,2";
			};
			name = Debug;
		};
		9F6E602C213F4A7A0031C518 /* Release */ = {
			isa = XCBuildConfiguration;
			baseConfigurationReference = 908AB6838D9F3BB4122C2986 /* Pods-flix_application.release.xcconfig */;
			buildSettings = {
				ASSETCATALOG_COMPILER_APPICON_NAME = AppIcon;
				CODE_SIGN_STYLE = Automatic;
				DEVELOPMENT_TEAM = CPX8F288SG;
				INFOPLIST_FILE = flix_application/Info.plist;
				LD_RUNPATH_SEARCH_PATHS = "$(inherited) @executable_path/Frameworks";
				PRODUCT_BUNDLE_IDENTIFIER = "com.vidhu.flix-application";
				PRODUCT_NAME = "$(TARGET_NAME)";
				SWIFT_VERSION = 4.0;
				TARGETED_DEVICE_FAMILY = "1,2";
			};
			name = Release;
		};
		9F6E602E213F4A7A0031C518 /* Debug */ = {
			isa = XCBuildConfiguration;
			baseConfigurationReference = 6F7F59B8D58219761B724B23 /* Pods-flix_applicationTests.debug.xcconfig */;
			buildSettings = {
				ALWAYS_EMBED_SWIFT_STANDARD_LIBRARIES = YES;
				BUNDLE_LOADER = "$(TEST_HOST)";
				CODE_SIGN_STYLE = Automatic;
				INFOPLIST_FILE = flix_applicationTests/Info.plist;
				LD_RUNPATH_SEARCH_PATHS = "$(inherited) @executable_path/Frameworks @loader_path/Frameworks";
				PRODUCT_BUNDLE_IDENTIFIER = "com.vidhu.flix-applicationTests";
				PRODUCT_NAME = "$(TARGET_NAME)";
				SWIFT_VERSION = 4.0;
				TARGETED_DEVICE_FAMILY = "1,2";
				TEST_HOST = "$(BUILT_PRODUCTS_DIR)/flix_application.app/flix_application";
			};
			name = Debug;
		};
		9F6E602F213F4A7A0031C518 /* Release */ = {
			isa = XCBuildConfiguration;
			baseConfigurationReference = 041014A94F15598138C79685 /* Pods-flix_applicationTests.release.xcconfig */;
			buildSettings = {
				ALWAYS_EMBED_SWIFT_STANDARD_LIBRARIES = YES;
				BUNDLE_LOADER = "$(TEST_HOST)";
				CODE_SIGN_STYLE = Automatic;
				INFOPLIST_FILE = flix_applicationTests/Info.plist;
				LD_RUNPATH_SEARCH_PATHS = "$(inherited) @executable_path/Frameworks @loader_path/Frameworks";
				PRODUCT_BUNDLE_IDENTIFIER = "com.vidhu.flix-applicationTests";
				PRODUCT_NAME = "$(TARGET_NAME)";
				SWIFT_VERSION = 4.0;
				TARGETED_DEVICE_FAMILY = "1,2";
				TEST_HOST = "$(BUILT_PRODUCTS_DIR)/flix_application.app/flix_application";
			};
			name = Release;
		};
		9F6E6031213F4A7A0031C518 /* Debug */ = {
			isa = XCBuildConfiguration;
			baseConfigurationReference = B69CBFE5621DC69A8463BD05 /* Pods-flix_applicationUITests.debug.xcconfig */;
			buildSettings = {
				ALWAYS_EMBED_SWIFT_STANDARD_LIBRARIES = YES;
				CODE_SIGN_STYLE = Automatic;
				INFOPLIST_FILE = flix_applicationUITests/Info.plist;
				LD_RUNPATH_SEARCH_PATHS = "$(inherited) @executable_path/Frameworks @loader_path/Frameworks";
				PRODUCT_BUNDLE_IDENTIFIER = "com.vidhu.flix-applicationUITests";
				PRODUCT_NAME = "$(TARGET_NAME)";
				SWIFT_VERSION = 4.0;
				TARGETED_DEVICE_FAMILY = "1,2";
				TEST_TARGET_NAME = flix_application;
			};
			name = Debug;
		};
		9F6E6032213F4A7A0031C518 /* Release */ = {
			isa = XCBuildConfiguration;
			baseConfigurationReference = E43D7589B2F8F8678EE45517 /* Pods-flix_applicationUITests.release.xcconfig */;
			buildSettings = {
				ALWAYS_EMBED_SWIFT_STANDARD_LIBRARIES = YES;
				CODE_SIGN_STYLE = Automatic;
				INFOPLIST_FILE = flix_applicationUITests/Info.plist;
				LD_RUNPATH_SEARCH_PATHS = "$(inherited) @executable_path/Frameworks @loader_path/Frameworks";
				PRODUCT_BUNDLE_IDENTIFIER = "com.vidhu.flix-applicationUITests";
				PRODUCT_NAME = "$(TARGET_NAME)";
				SWIFT_VERSION = 4.0;
				TARGETED_DEVICE_FAMILY = "1,2";
				TEST_TARGET_NAME = flix_application;
			};
			name = Release;
		};
/* End XCBuildConfiguration section */

/* Begin XCConfigurationList section */
		9F6E5FFD213F4A7A0031C518 /* Build configuration list for PBXProject "flix_application" */ = {
			isa = XCConfigurationList;
			buildConfigurations = (
				9F6E6028213F4A7A0031C518 /* Debug */,
				9F6E6029213F4A7A0031C518 /* Release */,
			);
			defaultConfigurationIsVisible = 0;
			defaultConfigurationName = Release;
		};
		9F6E602A213F4A7A0031C518 /* Build configuration list for PBXNativeTarget "flix_application" */ = {
			isa = XCConfigurationList;
			buildConfigurations = (
				9F6E602B213F4A7A0031C518 /* Debug */,
				9F6E602C213F4A7A0031C518 /* Release */,
			);
			defaultConfigurationIsVisible = 0;
			defaultConfigurationName = Release;
		};
		9F6E602D213F4A7A0031C518 /* Build configuration list for PBXNativeTarget "flix_applicationTests" */ = {
			isa = XCConfigurationList;
			buildConfigurations = (
				9F6E602E213F4A7A0031C518 /* Debug */,
				9F6E602F213F4A7A0031C518 /* Release */,
			);
			defaultConfigurationIsVisible = 0;
			defaultConfigurationName = Release;
		};
		9F6E6030213F4A7A0031C518 /* Build configuration list for PBXNativeTarget "flix_applicationUITests" */ = {
			isa = XCConfigurationList;
			buildConfigurations = (
				9F6E6031213F4A7A0031C518 /* Debug */,
				9F6E6032213F4A7A0031C518 /* Release */,
			);
			defaultConfigurationIsVisible = 0;
			defaultConfigurationName = Release;
		};
/* End XCConfigurationList section */
	};
	rootObject = 9F6E5FFA213F4A7A0031C518 /* Project object */;
}
